
Microsoft Visual Studio Solution File, Format Version 12.00
# Visual Studio 15
VisualStudioVersion = 15.0.27428.2037
MinimumVisualStudioVersion = 10.0.40219.1
Project("{FAE04EC0-301F-11D3-BF4B-00C04F79EFBC}") = "IncubadoraApp", "IncubadoraApp\IncubadoraApp.csproj", "{7BF50598-930C-43F8-87AE-CE5E549F3A9B}"
EndProject
Global
	GlobalSection(SolutionConfigurationPlatforms) = preSolution
		Debug|Any CPU = Debug|Any CPU
		Release|Any CPU = Release|Any CPU
	EndGlobalSection
	GlobalSection(ProjectConfigurationPlatforms) = postSolution
		{7BF50598-930C-43F8-87AE-CE5E549F3A9B}.Debug|Any CPU.ActiveCfg = Debug|Any CPU
		{7BF50598-930C-43F8-87AE-CE5E549F3A9B}.Debug|Any CPU.Build.0 = Debug|Any CPU
		{7BF50598-930C-43F8-87AE-CE5E549F3A9B}.Release|Any CPU.ActiveCfg = Release|Any CPU
		{7BF50598-930C-43F8-87AE-CE5E549F3A9B}.Release|Any CPU.Build.0 = Release|Any CPU
	EndGlobalSection
	GlobalSection(SolutionProperties) = preSolution
		HideSolutionNode = FALSE
	EndGlobalSection
	GlobalSection(ExtensibilityGlobals) = postSolution
		SolutionGuid = {C1BF8ECE-7FEA-43F3-BFF1-2B9D62DB9352}
	EndGlobalSection
EndGlobal
